<?xml version="1.0" encoding="utf-8"?>
<Project ToolsVersion="4.0" xmlns="http://schemas.microsoft.com/developer/msbuild/2003">
  <ItemGroup>
    <Filter Include="Source Files">
      <UniqueIdentifier>{4FC737F1-C7A5-4376-A066-2A32D752A2FF}</UniqueIdentifier>
      <Extensions>cpp;c;cc;cxx;def;odl;idl;hpj;bat;asm;asmx</Extensions>
    </Filter>
    <Filter Include="Header Files">
      <UniqueIdentifier>{93995380-89BD-4b04-88EB-625FBE52EBFB}</UniqueIdentifier>
      <Extensions>h;hpp;hxx;hm;inl;inc;xsd</Extensions>
    </Filter>
    <Filter Include="Source Files\Input">
      <UniqueIdentifier>{11914873-3052-4af5-9fc9-52dd377dcda0}</UniqueIdentifier>
    </Filter>
    <Filter Include="Header Files\Events">
      <UniqueIdentifier>{5482afb7-1885-4ad3-93d2-6afe24dc8b45}</UniqueIdentifier>
    </Filter>
    <Filter Include="Source Files\Events">
      <UniqueIdentifier>{6f0484d7-cffa-4498-914e-c087f8361126}</UniqueIdentifier>
    </Filter>
    <Filter Include="Header Files\Tiles">
      <UniqueIdentifier>{79666f1a-bbb8-444f-87a9-a0ee06ddeb46}</UniqueIdentifier>
    </Filter>
    <Filter Include="Source Files\Tiles">
      <UniqueIdentifier>{bc871761-3d3c-41f6-9b36-ed955b329ae0}</UniqueIdentifier>
    </Filter>
    <Filter Include="Header Files\3rdParty">
      <UniqueIdentifier>{4df689a3-d102-4473-b02a-b692181c848d}</UniqueIdentifier>
    </Filter>
    <Filter Include="Source Files\3rdParty">
      <UniqueIdentifier>{9f0226e5-17bd-484d-a96e-79f8f19f0b8e}</UniqueIdentifier>
    </Filter>
    <Filter Include="Source Files\3rdParty\TinyXML2">
      <UniqueIdentifier>{772092bd-8fba-4363-8fce-2aa66f708dea}</UniqueIdentifier>
    </Filter>
    <Filter Include="Header Files\3rdParty\TinyXML2">
      <UniqueIdentifier>{9da38600-3e60-4f58-ac77-f9852422c20c}</UniqueIdentifier>
    </Filter>
    <Filter Include="Header Files\Resources">
      <UniqueIdentifier>{3c9f3b25-463f-4ee8-8c6c-ac5295bcb284}</UniqueIdentifier>
    </Filter>
  </ItemGroup>
  <ItemGroup>
    <ClCompile Include="Input\input.cpp">
      <Filter>Source Files\Input</Filter>
    </ClCompile>
    <ClCompile Include="Events\event.cpp">
      <Filter>Source Files\Events</Filter>
    </ClCompile>
    <ClCompile Include="Events\eventDispatcher.cpp">
      <Filter>Source Files\Events</Filter>
    </ClCompile>
    <ClCompile Include="Events\eventHandler.cpp">
      <Filter>Source Files\Events</Filter>
    </ClCompile>
    <ClCompile Include="Tiles\tileset.cpp">
      <Filter>Source Files\Tiles</Filter>
    </ClCompile>
    <ClCompile Include="Tiles\layer.cpp">
      <Filter>Source Files\Tiles</Filter>
    </ClCompile>
    <ClCompile Include="Tiles\map.cpp">
      <Filter>Source Files\Tiles</Filter>
    </ClCompile>
    <ClCompile Include="..\..\3rdParty\TinyXML2\tinyxml2.cpp">
      <Filter>Source Files\3rdParty\TinyXML2</Filter>
    </ClCompile>
  </ItemGroup>
  <ItemGroup>
    <ClInclude Include="..\..\..\Include\Trambo\input.h">
      <Filter>Header Files</Filter>
    </ClInclude>
    <ClInclude Include="..\..\..\Include\Trambo\Events\eventDispatcher.h">
      <Filter>Header Files\Events</Filter>
    </ClInclude>
    <ClInclude Include="..\..\..\Include\Trambo\Events\event.h">
      <Filter>Header Files\Events</Filter>
    </ClInclude>
    <ClInclude Include="..\..\..\Include\Trambo\Events\eventHandler.h">
      <Filter>Header Files\Events</Filter>
    </ClInclude>
    <ClInclude Include="..\..\..\Include\Trambo\types.h">
      <Filter>Header Files</Filter>
    </ClInclude>
    <ClInclude Include="..\..\..\Include\Trambo\Tiles\tileset.h">
      <Filter>Header Files\Tiles</Filter>
    </ClInclude>
    <ClInclude Include="..\..\..\Include\Trambo\Tiles\layer.h">
      <Filter>Header Files\Tiles</Filter>
    </ClInclude>
    <ClInclude Include="..\..\..\Include\Trambo\Tiles\map.h">
      <Filter>Header Files\Tiles</Filter>
    </ClInclude>
    <ClInclude Include="..\..\3rdParty\TinyXML2\tinyxml2.h">
      <Filter>Header Files\3rdParty\TinyXML2</Filter>
    </ClInclude>
    <ClInclude Include="..\..\..\Include\Trambo\Resources\resourceHolder.h">
      <Filter>Header Files\Resources</Filter>
    </ClInclude>
  </ItemGroup>
  <ItemGroup>
    <None Include="..\..\..\Include\Trambo\Resources\resourceHolder.inl">
      <Filter>Header Files\Resources</Filter>
    </None>
  </ItemGroup>
</Project>