<?xml version="1.0" encoding="utf-8"?>
<Project ToolsVersion="4.0" xmlns="http://schemas.microsoft.com/developer/msbuild/2003">
  <ItemGroup>
    <Filter Include="Source Files">
      <UniqueIdentifier>{4FC737F1-C7A5-4376-A066-2A32D752A2FF}</UniqueIdentifier>
      <Extensions>cpp;c;cc;cxx;def;odl;idl;hpj;bat;asm;asmx</Extensions>
    </Filter>
    <Filter Include="Header Files">
      <UniqueIdentifier>{93995380-89BD-4b04-88EB-625FBE52EBFB}</UniqueIdentifier>
      <Extensions>h;hpp;hxx;hm;inl;inc;xsd</Extensions>
    </Filter>
    <Filter Include="Header Files\Events">
      <UniqueIdentifier>{5482afb7-1885-4ad3-93d2-6afe24dc8b45}</UniqueIdentifier>
    </Filter>
    <Filter Include="Source Files\Events">
      <UniqueIdentifier>{6f0484d7-cffa-4498-914e-c087f8361126}</UniqueIdentifier>
    </Filter>
    <Filter Include="Header Files\Tiles">
      <UniqueIdentifier>{79666f1a-bbb8-444f-87a9-a0ee06ddeb46}</UniqueIdentifier>
    </Filter>
    <Filter Include="Source Files\Tiles">
      <UniqueIdentifier>{bc871761-3d3c-41f6-9b36-ed955b329ae0}</UniqueIdentifier>
    </Filter>
    <Filter Include="Header Files\3rdParty">
      <UniqueIdentifier>{4df689a3-d102-4473-b02a-b692181c848d}</UniqueIdentifier>
    </Filter>
    <Filter Include="Source Files\3rdParty">
      <UniqueIdentifier>{9f0226e5-17bd-484d-a96e-79f8f19f0b8e}</UniqueIdentifier>
    </Filter>
    <Filter Include="Source Files\3rdParty\TinyXML2">
      <UniqueIdentifier>{772092bd-8fba-4363-8fce-2aa66f708dea}</UniqueIdentifier>
    </Filter>
    <Filter Include="Header Files\3rdParty\TinyXML2">
      <UniqueIdentifier>{9da38600-3e60-4f58-ac77-f9852422c20c}</UniqueIdentifier>
    </Filter>
    <Filter Include="Header Files\Resources">
      <UniqueIdentifier>{3c9f3b25-463f-4ee8-8c6c-ac5295bcb284}</UniqueIdentifier>
    </Filter>
    <Filter Include="Header Files\States">
      <UniqueIdentifier>{662b44bc-a593-4bbf-a143-949dc34cae4e}</UniqueIdentifier>
    </Filter>
    <Filter Include="Source Files\States">
      <UniqueIdentifier>{c2d97fc0-d6be-4ad0-8de9-5ad0ad2625b8}</UniqueIdentifier>
    </Filter>
    <Filter Include="Header Files\Sounds">
      <UniqueIdentifier>{1e5b2547-2628-4cac-81ae-b57b72c50041}</UniqueIdentifier>
    </Filter>
    <Filter Include="Source Files\Sounds">
      <UniqueIdentifier>{a7042168-0ee8-43df-9125-3a0d55bd24aa}</UniqueIdentifier>
    </Filter>
    <Filter Include="Header Files\Animations">
      <UniqueIdentifier>{f18048a2-ab5c-42ae-9740-1fc2c52aeb8b}</UniqueIdentifier>
    </Filter>
    <Filter Include="Source Files\Animations">
      <UniqueIdentifier>{cd8ac082-3f78-4e60-9293-47929fa09c9c}</UniqueIdentifier>
    </Filter>
    <Filter Include="Header Files\Utilities">
      <UniqueIdentifier>{682f30eb-77b7-4c95-91ab-165f4af22dd6}</UniqueIdentifier>
    </Filter>
    <Filter Include="Source Files\Utilities">
      <UniqueIdentifier>{31c680f5-f893-42ab-a111-4cf3623e8d39}</UniqueIdentifier>
    </Filter>
    <Filter Include="Header Files\GUI">
      <UniqueIdentifier>{223e8ab9-aada-4432-a9d3-888b7766662a}</UniqueIdentifier>
    </Filter>
    <Filter Include="Source Files\GUI">
      <UniqueIdentifier>{f00feba1-a172-4cf4-b7aa-e2ade4352f1c}</UniqueIdentifier>
    </Filter>
    <Filter Include="Header Files\Inputs">
      <UniqueIdentifier>{232f053a-47bb-4f5a-873c-ed0afdcd97ed}</UniqueIdentifier>
    </Filter>
    <Filter Include="Source Files\Inputs">
      <UniqueIdentifier>{2d9b7e0f-f425-4651-bd32-fbbf227b2dae}</UniqueIdentifier>
    </Filter>
    <Filter Include="Header Files\Inputs\Buttons">
      <UniqueIdentifier>{a707e203-9701-41e1-95be-b998d8627b6c}</UniqueIdentifier>
    </Filter>
    <Filter Include="Source Files\Inputs\Buttons">
      <UniqueIdentifier>{2d45e5e4-a2b2-4426-bc0c-8ab969351d3b}</UniqueIdentifier>
    </Filter>
  </ItemGroup>
  <ItemGroup>
    <ClCompile Include="Events\event.cpp">
      <Filter>Source Files\Events</Filter>
    </ClCompile>
    <ClCompile Include="Events\eventDispatcher.cpp">
      <Filter>Source Files\Events</Filter>
    </ClCompile>
    <ClCompile Include="Events\eventHandler.cpp">
      <Filter>Source Files\Events</Filter>
    </ClCompile>
    <ClCompile Include="Tiles\tileset.cpp">
      <Filter>Source Files\Tiles</Filter>
    </ClCompile>
    <ClCompile Include="Tiles\layer.cpp">
      <Filter>Source Files\Tiles</Filter>
    </ClCompile>
    <ClCompile Include="Tiles\map.cpp">
      <Filter>Source Files\Tiles</Filter>
    </ClCompile>
    <ClCompile Include="..\..\3rdParty\TinyXML2\tinyxml2.cpp">
      <Filter>Source Files\3rdParty\TinyXML2</Filter>
    </ClCompile>
    <ClCompile Include="States\state.cpp">
      <Filter>Source Files\States</Filter>
    </ClCompile>
    <ClCompile Include="States\stateStack.cpp">
      <Filter>Source Files\States</Filter>
    </ClCompile>
    <ClCompile Include="Sounds\musicPlayer.cpp">
      <Filter>Source Files\Sounds</Filter>
    </ClCompile>
    <ClCompile Include="Sounds\soundPlayer.cpp">
      <Filter>Source Files\Sounds</Filter>
    </ClCompile>
    <ClCompile Include="Animations\animation.cpp">
      <Filter>Source Files\Animations</Filter>
    </ClCompile>
    <ClCompile Include="Utilities\utility.cpp">
      <Filter>Source Files\Utilities</Filter>
    </ClCompile>
    <ClCompile Include="GUI\button.cpp">
      <Filter>Source Files\GUI</Filter>
    </ClCompile>
    <ClCompile Include="GUI\component.cpp">
      <Filter>Source Files\GUI</Filter>
    </ClCompile>
    <ClCompile Include="GUI\container.cpp">
      <Filter>Source Files\GUI</Filter>
    </ClCompile>
    <ClCompile Include="GUI\label.cpp">
      <Filter>Source Files\GUI</Filter>
    </ClCompile>
    <ClCompile Include="Inputs\actionBinding.cpp">
      <Filter>Source Files\Inputs</Filter>
    </ClCompile>
    <ClCompile Include="Inputs\keyboardKeyAsButton.cpp">
      <Filter>Source Files\Inputs\Buttons</Filter>
    </ClCompile>
    <ClCompile Include="Inputs\action.cpp">
      <Filter>Source Files\Inputs</Filter>
    </ClCompile>
    <ClCompile Include="Inputs\mouseButtonAsButton.cpp">
      <Filter>Source Files\Inputs\Buttons</Filter>
    </ClCompile>
    <ClCompile Include="Inputs\joystickAxisAsButton.cpp">
      <Filter>Source Files\Inputs\Buttons</Filter>
    </ClCompile>
    <ClCompile Include="Inputs\joystickButtonAsButton.cpp">
      <Filter>Source Files\Inputs\Buttons</Filter>
    </ClCompile>
  </ItemGroup>
  <ItemGroup>
    <ClInclude Include="..\..\..\Include\Trambo\input.h">
      <Filter>Header Files</Filter>
    </ClInclude>
    <ClInclude Include="..\..\..\Include\Trambo\Events\eventDispatcher.h">
      <Filter>Header Files\Events</Filter>
    </ClInclude>
    <ClInclude Include="..\..\..\Include\Trambo\Events\event.h">
      <Filter>Header Files\Events</Filter>
    </ClInclude>
    <ClInclude Include="..\..\..\Include\Trambo\Events\eventHandler.h">
      <Filter>Header Files\Events</Filter>
    </ClInclude>
    <ClInclude Include="..\..\..\Include\Trambo\types.h">
      <Filter>Header Files</Filter>
    </ClInclude>
    <ClInclude Include="..\..\..\Include\Trambo\Tiles\tileset.h">
      <Filter>Header Files\Tiles</Filter>
    </ClInclude>
    <ClInclude Include="..\..\..\Include\Trambo\Tiles\layer.h">
      <Filter>Header Files\Tiles</Filter>
    </ClInclude>
    <ClInclude Include="..\..\..\Include\Trambo\Tiles\map.h">
      <Filter>Header Files\Tiles</Filter>
    </ClInclude>
    <ClInclude Include="..\..\3rdParty\TinyXML2\tinyxml2.h">
      <Filter>Header Files\3rdParty\TinyXML2</Filter>
    </ClInclude>
    <ClInclude Include="..\..\..\Include\Trambo\Resources\resourceHolder.h">
      <Filter>Header Files\Resources</Filter>
    </ClInclude>
    <ClInclude Include="..\..\..\Include\Trambo\States\state.h">
      <Filter>Header Files\States</Filter>
    </ClInclude>
    <ClInclude Include="..\..\..\Include\Trambo\States\stateStack.h">
      <Filter>Header Files\States</Filter>
    </ClInclude>
    <ClInclude Include="..\..\..\Include\Trambo\Sounds\musicPlayer.h">
      <Filter>Header Files\Sounds</Filter>
    </ClInclude>
    <ClInclude Include="..\..\..\Include\Trambo\Sounds\soundPlayer.h">
      <Filter>Header Files\Sounds</Filter>
    </ClInclude>
    <ClInclude Include="..\..\..\Include\Trambo\Animations\animation.h">
      <Filter>Header Files\Animations</Filter>
    </ClInclude>
    <ClInclude Include="..\..\..\Include\Trambo\Utilities\utility.h">
      <Filter>Header Files\Utilities</Filter>
    </ClInclude>
    <ClInclude Include="..\..\..\Include\Trambo\GUI\button.h">
      <Filter>Header Files\GUI</Filter>
    </ClInclude>
    <ClInclude Include="..\..\..\Include\Trambo\GUI\component.h">
      <Filter>Header Files\GUI</Filter>
    </ClInclude>
    <ClInclude Include="..\..\..\Include\Trambo\GUI\container.h">
      <Filter>Header Files\GUI</Filter>
    </ClInclude>
    <ClInclude Include="..\..\..\Include\Trambo\GUI\label.h">
      <Filter>Header Files\GUI</Filter>
    </ClInclude>
    <ClInclude Include="..\..\..\Include\Trambo\Inputs\actionBinding.h">
      <Filter>Header Files\Inputs</Filter>
    </ClInclude>
    <ClInclude Include="..\..\..\Include\Trambo\Inputs\keyboardKeyAsButton.h">
      <Filter>Header Files\Inputs\Buttons</Filter>
    </ClInclude>
    <ClInclude Include="..\..\..\Include\Trambo\Inputs\action.h">
      <Filter>Header Files\Inputs</Filter>
    </ClInclude>
    <ClInclude Include="..\..\..\Include\Trambo\Inputs\mouseButtonAsButton.h">
      <Filter>Header Files\Inputs\Buttons</Filter>
    </ClInclude>
    <ClInclude Include="..\..\..\Include\Trambo\Inputs\joystickAxisAsButton.h">
      <Filter>Header Files\Inputs\Buttons</Filter>
    </ClInclude>
    <ClInclude Include="..\..\..\Include\Trambo\Inputs\joystickButtonAsButton.h">
      <Filter>Header Files\Inputs\Buttons</Filter>
    </ClInclude>
  </ItemGroup>
  <ItemGroup>
    <None Include="..\..\..\Include\Trambo\Resources\resourceHolder.inl">
      <Filter>Header Files\Resources</Filter>
    </None>
  </ItemGroup>
</Project>